
Microsoft Visual Studio Solution File, Format Version 12.00
# Visual Studio Version 17
VisualStudioVersion = 17.14.36221.1 d17.14
MinimumVisualStudioVersion = 10.0.40219.1
Project("{FAE04EC0-301F-11D3-BF4B-00C04F79EFBC}") = "Host", "Host\Host.csproj", "{2D87F809-FAA0-4308-AB46-236B5BBC89D3}"
EndProject
Global
	GlobalSection(SolutionConfigurationPlatforms) = preSolution
		Debug|Any CPU = Debug|Any CPU
		Release|Any CPU = Release|Any CPU
	EndGlobalSection
	GlobalSection(ProjectConfigurationPlatforms) = postSolution
		{2D87F809-FAA0-4308-AB46-236B5BBC89D3}.Debug|Any CPU.ActiveCfg = Debug|Any CPU
		{2D87F809-FAA0-4308-AB46-236B5BBC89D3}.Debug|Any CPU.Build.0 = Debug|Any CPU
		{2D87F809-FAA0-4308-AB46-236B5BBC89D3}.Release|Any CPU.ActiveCfg = Release|Any CPU
		{2D87F809-FAA0-4308-AB46-236B5BBC89D3}.Release|Any CPU.Build.0 = Release|Any CPU
	EndGlobalSection
	GlobalSection(SolutionProperties) = preSolution
		HideSolutionNode = FALSE
	EndGlobalSection
	GlobalSection(ExtensibilityGlobals) = postSolution
		SolutionGuid = {A6B7B55F-C971-4A80-91AB-F47988FFA1B3}
	EndGlobalSection
EndGlobal
